
Microsoft Visual Studio Solution File, Format Version 12.00
Project("{FAE04EC0-301F-11D3-BF4B-00C04F79EFBC}") = "lesson-1", "lesson-1\lesson-1.csproj", "{379E2A26-3422-4997-B109-722230AA60F1}"
EndProject
Project("{FAE04EC0-301F-11D3-BF4B-00C04F79EFBC}") = "task10-getSecondNumber", "task10-getSecondNumber\task10-getSecondNumber.csproj", "{AB6D8FDE-0388-4660-909F-F2311333EAB5}"
EndProject
Project("{FAE04EC0-301F-11D3-BF4B-00C04F79EFBC}") = "task13-getThirdNumber", "task13-getThirdNumber\task13-getThirdNumber.csproj", "{9E13E22A-2748-45AD-A89F-2D45E331AA8B}"
EndProject
Global
	GlobalSection(SolutionConfigurationPlatforms) = preSolution
		Debug|Any CPU = Debug|Any CPU
		Release|Any CPU = Release|Any CPU
	EndGlobalSection
	GlobalSection(ProjectConfigurationPlatforms) = postSolution
		{379E2A26-3422-4997-B109-722230AA60F1}.Debug|Any CPU.ActiveCfg = Debug|Any CPU
		{379E2A26-3422-4997-B109-722230AA60F1}.Debug|Any CPU.Build.0 = Debug|Any CPU
		{379E2A26-3422-4997-B109-722230AA60F1}.Release|Any CPU.ActiveCfg = Release|Any CPU
		{379E2A26-3422-4997-B109-722230AA60F1}.Release|Any CPU.Build.0 = Release|Any CPU
		{AB6D8FDE-0388-4660-909F-F2311333EAB5}.Debug|Any CPU.ActiveCfg = Debug|Any CPU
		{AB6D8FDE-0388-4660-909F-F2311333EAB5}.Debug|Any CPU.Build.0 = Debug|Any CPU
		{AB6D8FDE-0388-4660-909F-F2311333EAB5}.Release|Any CPU.ActiveCfg = Release|Any CPU
		{AB6D8FDE-0388-4660-909F-F2311333EAB5}.Release|Any CPU.Build.0 = Release|Any CPU
		{9E13E22A-2748-45AD-A89F-2D45E331AA8B}.Debug|Any CPU.ActiveCfg = Debug|Any CPU
		{9E13E22A-2748-45AD-A89F-2D45E331AA8B}.Debug|Any CPU.Build.0 = Debug|Any CPU
		{9E13E22A-2748-45AD-A89F-2D45E331AA8B}.Release|Any CPU.ActiveCfg = Release|Any CPU
		{9E13E22A-2748-45AD-A89F-2D45E331AA8B}.Release|Any CPU.Build.0 = Release|Any CPU
	EndGlobalSection
EndGlobal
