
Microsoft Visual Studio Solution File, Format Version 12.00
Project("{FAE04EC0-301F-11D3-BF4B-00C04F79EFBC}") = "lesson-1", "lesson-1\lesson-1.csproj", "{379E2A26-3422-4997-B109-722230AA60F1}"
EndProject
Project("{FAE04EC0-301F-11D3-BF4B-00C04F79EFBC}") = "task19-isPalindrome", "task19-isPalindrome\task19-isPalindrome.csproj", "{DEA23F3B-5975-40D2-B874-754600E8B701}"
EndProject
Project("{FAE04EC0-301F-11D3-BF4B-00C04F79EFBC}") = "task21-distanceBetweenPoints", "task21-distanceBetweenPoints\task21-distanceBetweenPoints.csproj", "{26DF31BC-F8C6-4704-887B-88DD6B190DFD}"
EndProject
Project("{FAE04EC0-301F-11D3-BF4B-00C04F79EFBC}") = "task23-pow3series", "task23-pow3series\task23-pow3series.csproj", "{408CEACE-6176-4270-A425-15E1848EDF50}"
EndProject
Global
	GlobalSection(SolutionConfigurationPlatforms) = preSolution
		Debug|Any CPU = Debug|Any CPU
		Release|Any CPU = Release|Any CPU
	EndGlobalSection
	GlobalSection(ProjectConfigurationPlatforms) = postSolution
		{379E2A26-3422-4997-B109-722230AA60F1}.Debug|Any CPU.ActiveCfg = Debug|Any CPU
		{379E2A26-3422-4997-B109-722230AA60F1}.Debug|Any CPU.Build.0 = Debug|Any CPU
		{379E2A26-3422-4997-B109-722230AA60F1}.Release|Any CPU.ActiveCfg = Release|Any CPU
		{379E2A26-3422-4997-B109-722230AA60F1}.Release|Any CPU.Build.0 = Release|Any CPU
		{DEA23F3B-5975-40D2-B874-754600E8B701}.Debug|Any CPU.ActiveCfg = Debug|Any CPU
		{DEA23F3B-5975-40D2-B874-754600E8B701}.Debug|Any CPU.Build.0 = Debug|Any CPU
		{DEA23F3B-5975-40D2-B874-754600E8B701}.Release|Any CPU.ActiveCfg = Release|Any CPU
		{DEA23F3B-5975-40D2-B874-754600E8B701}.Release|Any CPU.Build.0 = Release|Any CPU
		{26DF31BC-F8C6-4704-887B-88DD6B190DFD}.Debug|Any CPU.ActiveCfg = Debug|Any CPU
		{26DF31BC-F8C6-4704-887B-88DD6B190DFD}.Debug|Any CPU.Build.0 = Debug|Any CPU
		{26DF31BC-F8C6-4704-887B-88DD6B190DFD}.Release|Any CPU.ActiveCfg = Release|Any CPU
		{26DF31BC-F8C6-4704-887B-88DD6B190DFD}.Release|Any CPU.Build.0 = Release|Any CPU
		{408CEACE-6176-4270-A425-15E1848EDF50}.Debug|Any CPU.ActiveCfg = Debug|Any CPU
		{408CEACE-6176-4270-A425-15E1848EDF50}.Debug|Any CPU.Build.0 = Debug|Any CPU
		{408CEACE-6176-4270-A425-15E1848EDF50}.Release|Any CPU.ActiveCfg = Release|Any CPU
		{408CEACE-6176-4270-A425-15E1848EDF50}.Release|Any CPU.Build.0 = Release|Any CPU
	EndGlobalSection
EndGlobal
